
Microsoft Visual Studio Solution File, Format Version 12.00
# Visual Studio Version 17
VisualStudioVersion = 17.5.33516.290
MinimumVisualStudioVersion = 10.0.40219.1
Project("{FAE04EC0-301F-11D3-BF4B-00C04F79EFBC}") = "Delegate", "Delegate\Delegate.csproj", "{B56FBD68-E717-4E9D-A5AC-6B02DC7BB3EF}"
EndProject
Global
	GlobalSection(SolutionConfigurationPlatforms) = preSolution
		Debug|Any CPU = Debug|Any CPU
		Release|Any CPU = Release|Any CPU
	EndGlobalSection
	GlobalSection(ProjectConfigurationPlatforms) = postSolution
		{B56FBD68-E717-4E9D-A5AC-6B02DC7BB3EF}.Debug|Any CPU.ActiveCfg = Debug|Any CPU
		{B56FBD68-E717-4E9D-A5AC-6B02DC7BB3EF}.Debug|Any CPU.Build.0 = Debug|Any CPU
		{B56FBD68-E717-4E9D-A5AC-6B02DC7BB3EF}.Release|Any CPU.ActiveCfg = Release|Any CPU
		{B56FBD68-E717-4E9D-A5AC-6B02DC7BB3EF}.Release|Any CPU.Build.0 = Release|Any CPU
	EndGlobalSection
	GlobalSection(SolutionProperties) = preSolution
		HideSolutionNode = FALSE
	EndGlobalSection
	GlobalSection(ExtensibilityGlobals) = postSolution
		SolutionGuid = {A778ED14-4090-4421-92AD-3DAFEDE64380}
	EndGlobalSection
EndGlobal
