
Microsoft Visual Studio Solution File, Format Version 12.00
# Visual Studio Version 17
VisualStudioVersion = 17.5.33516.290
MinimumVisualStudioVersion = 10.0.40219.1
Project("{FAE04EC0-301F-11D3-BF4B-00C04F79EFBC}") = "ActionWithFile", "ActionWithFile\ActionWithFile.csproj", "{A44F5A71-B7E6-4D96-87FA-40CE5C4A88A9}"
EndProject
Global
	GlobalSection(SolutionConfigurationPlatforms) = preSolution
		Debug|Any CPU = Debug|Any CPU
		Release|Any CPU = Release|Any CPU
	EndGlobalSection
	GlobalSection(ProjectConfigurationPlatforms) = postSolution
		{A44F5A71-B7E6-4D96-87FA-40CE5C4A88A9}.Debug|Any CPU.ActiveCfg = Debug|Any CPU
		{A44F5A71-B7E6-4D96-87FA-40CE5C4A88A9}.Debug|Any CPU.Build.0 = Debug|Any CPU
		{A44F5A71-B7E6-4D96-87FA-40CE5C4A88A9}.Release|Any CPU.ActiveCfg = Release|Any CPU
		{A44F5A71-B7E6-4D96-87FA-40CE5C4A88A9}.Release|Any CPU.Build.0 = Release|Any CPU
	EndGlobalSection
	GlobalSection(SolutionProperties) = preSolution
		HideSolutionNode = FALSE
	EndGlobalSection
	GlobalSection(ExtensibilityGlobals) = postSolution
		SolutionGuid = {0266B89D-7BF5-44FF-8391-121E95AD2495}
	EndGlobalSection
EndGlobal
